
Microsoft Visual Studio Solution File, Format Version 12.00
# Visual Studio Version 16
VisualStudioVersion = 25.0.1704.0
MinimumVisualStudioVersion = 10.0.40219.1
Project("{FAE04EC0-301F-11D3-BF4B-00C04F79EFBC}") = "CySim", "CySim.csproj", "{58C2C4A3-FFE7-49D9-BE3E-862BC5F24321}"
EndProject
Global
	GlobalSection(SolutionConfigurationPlatforms) = preSolution
		Debug|Any CPU = Debug|Any CPU
		Release|Any CPU = Release|Any CPU
	EndGlobalSection
	GlobalSection(ProjectConfigurationPlatforms) = postSolution
		{58C2C4A3-FFE7-49D9-BE3E-862BC5F24321}.Debug|Any CPU.ActiveCfg = Debug|Any CPU
		{58C2C4A3-FFE7-49D9-BE3E-862BC5F24321}.Debug|Any CPU.Build.0 = Debug|Any CPU
		{58C2C4A3-FFE7-49D9-BE3E-862BC5F24321}.Release|Any CPU.ActiveCfg = Release|Any CPU
		{58C2C4A3-FFE7-49D9-BE3E-862BC5F24321}.Release|Any CPU.Build.0 = Release|Any CPU
	EndGlobalSection
	GlobalSection(SolutionProperties) = preSolution
		HideSolutionNode = FALSE
	EndGlobalSection
	GlobalSection(ExtensibilityGlobals) = postSolution
		SolutionGuid = {3D21A074-5DC2-44CA-BD04-51A4CD82EA9E}
	EndGlobalSection
EndGlobal
